
Microsoft Visual Studio Solution File, Format Version 12.00
# Visual Studio Version 17
VisualStudioVersion = 17.3.32929.385
MinimumVisualStudioVersion = 10.0.40219.1
Project("{9A19103F-16F7-4668-BE54-9A1E7A4F7556}") = "ActivityMonitor", "ActivityMonitor\ActivityMonitor.csproj", "{3D379A54-C061-45AE-82BE-4D3556EEC9DA}"
EndProject
Global
	GlobalSection(SolutionConfigurationPlatforms) = preSolution
		Debug|Any CPU = Debug|Any CPU
		Debug|x86 = Debug|x86
		Release|Any CPU = Release|Any CPU
		Release|x86 = Release|x86
	EndGlobalSection
	GlobalSection(ProjectConfigurationPlatforms) = postSolution
		{3D379A54-C061-45AE-82BE-4D3556EEC9DA}.Debug|Any CPU.ActiveCfg = Debug|Any CPU
		{3D379A54-C061-45AE-82BE-4D3556EEC9DA}.Debug|Any CPU.Build.0 = Debug|Any CPU
		{3D379A54-C061-45AE-82BE-4D3556EEC9DA}.Debug|x86.ActiveCfg = Debug|Any CPU
		{3D379A54-C061-45AE-82BE-4D3556EEC9DA}.Debug|x86.Build.0 = Debug|Any CPU
		{3D379A54-C061-45AE-82BE-4D3556EEC9DA}.Release|Any CPU.ActiveCfg = Release|Any CPU
		{3D379A54-C061-45AE-82BE-4D3556EEC9DA}.Release|Any CPU.Build.0 = Release|Any CPU
		{3D379A54-C061-45AE-82BE-4D3556EEC9DA}.Release|x86.ActiveCfg = Release|x86
		{3D379A54-C061-45AE-82BE-4D3556EEC9DA}.Release|x86.Build.0 = Release|x86
	EndGlobalSection
	GlobalSection(SolutionProperties) = preSolution
		HideSolutionNode = FALSE
	EndGlobalSection
	GlobalSection(ExtensibilityGlobals) = postSolution
		SolutionGuid = {6921454D-ED8E-46F9-ADDB-214BC5B28E55}
	EndGlobalSection
EndGlobal
